
Microsoft Visual Studio Solution File, Format Version 12.00
# Visual Studio Version 17
VisualStudioVersion = 17.11.35312.102
MinimumVisualStudioVersion = 10.0.40219.1
Project("{2150E333-8FDC-42A3-9474-1A3956D46DE8}") = "Task0", "Task0", "{E31E3483-68D8-4AAB-9F47-E800C749FBA6}"
EndProject
Project("{9A19103F-16F7-4668-BE54-9A1E7A4F7556}") = "Tyuiu.MilyutinND.Sprint3.Task0.V16", "Tyuiu.MilyutinND.Sprint3.Task0.V16\Tyuiu.MilyutinND.Sprint3.Task0.V16.csproj", "{C5598837-2A85-4B4D-B0F1-072AE1D3233B}"
EndProject
Project("{9A19103F-16F7-4668-BE54-9A1E7A4F7556}") = "Tyuiu.MilyutinND.Sprint3.Task0.V16.Lib", "Tyuiu.MilyutinND.Sprint3.Task0.V16.Lib\Tyuiu.MilyutinND.Sprint3.Task0.V16.Lib.csproj", "{C8D422E7-9C53-4AFD-926D-C8C7667BBA5A}"
EndProject
Project("{9A19103F-16F7-4668-BE54-9A1E7A4F7556}") = "Tyuiu.MilyutinND.Sprint3.Task0.V16.Test", "Tyuiu.MilyutinND.Sprint3.Task0.V16.Test\Tyuiu.MilyutinND.Sprint3.Task0.V16.Test.csproj", "{92C89987-FCD0-457D-8865-8C3896E08B3A}"
EndProject
Project("{2150E333-8FDC-42A3-9474-1A3956D46DE8}") = "Task1", "Task1", "{A0157580-E521-4273-90F4-91FE68028A52}"
EndProject
Project("{9A19103F-16F7-4668-BE54-9A1E7A4F7556}") = "Tyuiu.MilyutinND.Sprint3.Task1.V30", "Tyuiu.MilyutinND.Sprint3.Task1.V30\Tyuiu.MilyutinND.Sprint3.Task1.V30.csproj", "{9B661AC6-6333-4F9E-B464-8DC97EFEC1E8}"
EndProject
Project("{9A19103F-16F7-4668-BE54-9A1E7A4F7556}") = "Tyuiu.MilyutinND.Sprint3.Task1.V30.Lib", "Tyuiu.MilyutinND.Sprint3.Task1.V30.Lib\Tyuiu.MilyutinND.Sprint3.Task1.V30.Lib.csproj", "{4DB1C4C9-E3CB-4985-AF1B-5F21719FFFA7}"
EndProject
Project("{9A19103F-16F7-4668-BE54-9A1E7A4F7556}") = "Tyuiu.MilyutinND.Sprint3.Task1.V30.Test", "Tyuiu.MilyutinND.Sprint3.Task1.V30.Test\Tyuiu.MilyutinND.Sprint3.Task1.V30.Test.csproj", "{8EAECB8B-665F-4839-9BDB-DAB7B3525A24}"
EndProject
Project("{2150E333-8FDC-42A3-9474-1A3956D46DE8}") = "Task2", "Task2", "{4717D525-202D-4286-8CF3-411EE63B96EA}"
EndProject
Project("{2150E333-8FDC-42A3-9474-1A3956D46DE8}") = "Task3", "Task3", "{7EBA7C23-6276-46D7-AFC0-C6A271D4B1AD}"
EndProject
Project("{FAE04EC0-301F-11D3-BF4B-00C04F79EFBC}") = "Tyuiu.MilyutinND.Sprint3.Task2.V14", "Tyuiu.MilyutinND.Sprint3.Task2.V14\Tyuiu.MilyutinND.Sprint3.Task2.V14.csproj", "{E3CC5B55-2FAF-408E-8F6E-7AD63FD95CBA}"
EndProject
Project("{FAE04EC0-301F-11D3-BF4B-00C04F79EFBC}") = "Tyuiu.MilyutinND.Sprint3.Task2.V14.Lib", "Tyuiu.MilyutinND.Sprint3.Task2.V14.Lib\Tyuiu.MilyutinND.Sprint3.Task2.V14.Lib.csproj", "{9A279A48-C660-49EC-A5D3-BAC70F55791F}"
EndProject
Project("{FAE04EC0-301F-11D3-BF4B-00C04F79EFBC}") = "Tyuiu.MilyutinND.Sprint3.Task2.V14.Test", "Tyuiu.MilyutinND.Sprint3.Task2.V14.Test\Tyuiu.MilyutinND.Sprint3.Task2.V14.Test.csproj", "{2030307E-DDD9-45F5-93CC-CB1DBFEEE9DA}"
EndProject
Project("{FAE04EC0-301F-11D3-BF4B-00C04F79EFBC}") = "Tyuiu.MilyutinND.Sprint3.Task3.V11", "Tyuiu.MilyutinND.Sprint3.Task3.V11\Tyuiu.MilyutinND.Sprint3.Task3.V11.csproj", "{ABCA5151-647D-4CB8-89BD-FAF01A05E4E7}"
EndProject
Project("{FAE04EC0-301F-11D3-BF4B-00C04F79EFBC}") = "Tyuiu.MilyutinND.Sprint3.Task3.V11.Lib", "Tyuiu.MilyutinND.Sprint3.Task3.V11.Lib\Tyuiu.MilyutinND.Sprint3.Task3.V11.Lib.csproj", "{D2F1168B-9F9E-41F6-924C-BC604FD3F7D4}"
EndProject
Project("{FAE04EC0-301F-11D3-BF4B-00C04F79EFBC}") = "Tyuiu.MilyutinND.Sprint3.Task3.V11.Test", "Tyuiu.MilyutinND.Sprint3.Task3.V11.Test\Tyuiu.MilyutinND.Sprint3.Task3.V11.Test.csproj", "{D4C4EC43-BFE3-418E-9BC1-CA57A7AFEC04}"
EndProject
Project("{2150E333-8FDC-42A3-9474-1A3956D46DE8}") = "Task4", "Task4", "{73E720CD-5D26-4687-85C0-73988EF0881A}"
EndProject
Project("{FAE04EC0-301F-11D3-BF4B-00C04F79EFBC}") = "Tyuiu.MilyutinND.Sprint3.Task4.V16", "Tyuiu.MilyutinND.Sprint3.Task4.V16\Tyuiu.MilyutinND.Sprint3.Task4.V16.csproj", "{52B57F7F-C17E-4D41-ACB4-8F85B29A1075}"
EndProject
Project("{FAE04EC0-301F-11D3-BF4B-00C04F79EFBC}") = "Tyuiu.MilyutinND.Sprint3.Task4.V16.Lib", "Tyuiu.MilyutinND.Sprint3.Task4.V16.Lib\Tyuiu.MilyutinND.Sprint3.Task4.V16.Lib.csproj", "{708E5BE2-EAA0-4E18-850F-A87502FFC420}"
EndProject
Project("{FAE04EC0-301F-11D3-BF4B-00C04F79EFBC}") = "Tyuiu.MilyutinND.Sprint3.Task4.V16.Test", "Tyuiu.MilyutinND.Sprint3.Task4.V16.Test\Tyuiu.MilyutinND.Sprint3.Task4.V16.Test.csproj", "{7C7DD57D-936E-4374-BB30-5A848543088D}"
EndProject
Project("{2150E333-8FDC-42A3-9474-1A3956D46DE8}") = "Task5", "Task5", "{6A0789DA-5692-4130-9589-8DE9A945E114}"
EndProject
Project("{FAE04EC0-301F-11D3-BF4B-00C04F79EFBC}") = "Tyuiu.MilyutinND.Sprint3.Task5.V25", "Tyuiu.MilyutinND.Sprint3.Task5.V25\Tyuiu.MilyutinND.Sprint3.Task5.V25.csproj", "{F0766858-44F3-447E-8531-C61319BEB6F9}"
EndProject
Project("{FAE04EC0-301F-11D3-BF4B-00C04F79EFBC}") = "Tyuiu.MilyutinND.Sprint3.Task5.V25.Lib", "Tyuiu.MilyutinND.Sprint3.Task5.V25.Lib\Tyuiu.MilyutinND.Sprint3.Task5.V25.Lib.csproj", "{A9B73F0B-C9C6-4A00-B896-BC3505C7737C}"
EndProject
Project("{FAE04EC0-301F-11D3-BF4B-00C04F79EFBC}") = "Tyuiu.MilyutinND.Sprint3.Task5.V25.Test", "Tyuiu.MilyutinND.Sprint3.Task5.V25.Test\Tyuiu.MilyutinND.Sprint3.Task5.V25.Test.csproj", "{D748745B-2EC5-419F-82F7-85E07AAE706B}"
EndProject
Global
	GlobalSection(SolutionConfigurationPlatforms) = preSolution
		Debug|Any CPU = Debug|Any CPU
		Release|Any CPU = Release|Any CPU
	EndGlobalSection
	GlobalSection(ProjectConfigurationPlatforms) = postSolution
		{C5598837-2A85-4B4D-B0F1-072AE1D3233B}.Debug|Any CPU.ActiveCfg = Debug|Any CPU
		{C5598837-2A85-4B4D-B0F1-072AE1D3233B}.Debug|Any CPU.Build.0 = Debug|Any CPU
		{C5598837-2A85-4B4D-B0F1-072AE1D3233B}.Release|Any CPU.ActiveCfg = Release|Any CPU
		{C5598837-2A85-4B4D-B0F1-072AE1D3233B}.Release|Any CPU.Build.0 = Release|Any CPU
		{C8D422E7-9C53-4AFD-926D-C8C7667BBA5A}.Debug|Any CPU.ActiveCfg = Debug|Any CPU
		{C8D422E7-9C53-4AFD-926D-C8C7667BBA5A}.Debug|Any CPU.Build.0 = Debug|Any CPU
		{C8D422E7-9C53-4AFD-926D-C8C7667BBA5A}.Release|Any CPU.ActiveCfg = Release|Any CPU
		{C8D422E7-9C53-4AFD-926D-C8C7667BBA5A}.Release|Any CPU.Build.0 = Release|Any CPU
		{92C89987-FCD0-457D-8865-8C3896E08B3A}.Debug|Any CPU.ActiveCfg = Debug|Any CPU
		{92C89987-FCD0-457D-8865-8C3896E08B3A}.Debug|Any CPU.Build.0 = Debug|Any CPU
		{92C89987-FCD0-457D-8865-8C3896E08B3A}.Release|Any CPU.ActiveCfg = Release|Any CPU
		{92C89987-FCD0-457D-8865-8C3896E08B3A}.Release|Any CPU.Build.0 = Release|Any CPU
		{9B661AC6-6333-4F9E-B464-8DC97EFEC1E8}.Debug|Any CPU.ActiveCfg = Debug|Any CPU
		{9B661AC6-6333-4F9E-B464-8DC97EFEC1E8}.Debug|Any CPU.Build.0 = Debug|Any CPU
		{9B661AC6-6333-4F9E-B464-8DC97EFEC1E8}.Release|Any CPU.ActiveCfg = Release|Any CPU
		{9B661AC6-6333-4F9E-B464-8DC97EFEC1E8}.Release|Any CPU.Build.0 = Release|Any CPU
		{4DB1C4C9-E3CB-4985-AF1B-5F21719FFFA7}.Debug|Any CPU.ActiveCfg = Debug|Any CPU
		{4DB1C4C9-E3CB-4985-AF1B-5F21719FFFA7}.Debug|Any CPU.Build.0 = Debug|Any CPU
		{4DB1C4C9-E3CB-4985-AF1B-5F21719FFFA7}.Release|Any CPU.ActiveCfg = Release|Any CPU
		{4DB1C4C9-E3CB-4985-AF1B-5F21719FFFA7}.Release|Any CPU.Build.0 = Release|Any CPU
		{8EAECB8B-665F-4839-9BDB-DAB7B3525A24}.Debug|Any CPU.ActiveCfg = Debug|Any CPU
		{8EAECB8B-665F-4839-9BDB-DAB7B3525A24}.Debug|Any CPU.Build.0 = Debug|Any CPU
		{8EAECB8B-665F-4839-9BDB-DAB7B3525A24}.Release|Any CPU.ActiveCfg = Release|Any CPU
		{8EAECB8B-665F-4839-9BDB-DAB7B3525A24}.Release|Any CPU.Build.0 = Release|Any CPU
		{E3CC5B55-2FAF-408E-8F6E-7AD63FD95CBA}.Debug|Any CPU.ActiveCfg = Debug|Any CPU
		{E3CC5B55-2FAF-408E-8F6E-7AD63FD95CBA}.Debug|Any CPU.Build.0 = Debug|Any CPU
		{E3CC5B55-2FAF-408E-8F6E-7AD63FD95CBA}.Release|Any CPU.ActiveCfg = Release|Any CPU
		{E3CC5B55-2FAF-408E-8F6E-7AD63FD95CBA}.Release|Any CPU.Build.0 = Release|Any CPU
		{9A279A48-C660-49EC-A5D3-BAC70F55791F}.Debug|Any CPU.ActiveCfg = Debug|Any CPU
		{9A279A48-C660-49EC-A5D3-BAC70F55791F}.Debug|Any CPU.Build.0 = Debug|Any CPU
		{9A279A48-C660-49EC-A5D3-BAC70F55791F}.Release|Any CPU.ActiveCfg = Release|Any CPU
		{9A279A48-C660-49EC-A5D3-BAC70F55791F}.Release|Any CPU.Build.0 = Release|Any CPU
		{2030307E-DDD9-45F5-93CC-CB1DBFEEE9DA}.Debug|Any CPU.ActiveCfg = Debug|Any CPU
		{2030307E-DDD9-45F5-93CC-CB1DBFEEE9DA}.Debug|Any CPU.Build.0 = Debug|Any CPU
		{2030307E-DDD9-45F5-93CC-CB1DBFEEE9DA}.Release|Any CPU.ActiveCfg = Release|Any CPU
		{2030307E-DDD9-45F5-93CC-CB1DBFEEE9DA}.Release|Any CPU.Build.0 = Release|Any CPU
		{ABCA5151-647D-4CB8-89BD-FAF01A05E4E7}.Debug|Any CPU.ActiveCfg = Debug|Any CPU
		{ABCA5151-647D-4CB8-89BD-FAF01A05E4E7}.Debug|Any CPU.Build.0 = Debug|Any CPU
		{ABCA5151-647D-4CB8-89BD-FAF01A05E4E7}.Release|Any CPU.ActiveCfg = Release|Any CPU
		{ABCA5151-647D-4CB8-89BD-FAF01A05E4E7}.Release|Any CPU.Build.0 = Release|Any CPU
		{D2F1168B-9F9E-41F6-924C-BC604FD3F7D4}.Debug|Any CPU.ActiveCfg = Debug|Any CPU
		{D2F1168B-9F9E-41F6-924C-BC604FD3F7D4}.Debug|Any CPU.Build.0 = Debug|Any CPU
		{D2F1168B-9F9E-41F6-924C-BC604FD3F7D4}.Release|Any CPU.ActiveCfg = Release|Any CPU
		{D2F1168B-9F9E-41F6-924C-BC604FD3F7D4}.Release|Any CPU.Build.0 = Release|Any CPU
		{D4C4EC43-BFE3-418E-9BC1-CA57A7AFEC04}.Debug|Any CPU.ActiveCfg = Debug|Any CPU
		{D4C4EC43-BFE3-418E-9BC1-CA57A7AFEC04}.Debug|Any CPU.Build.0 = Debug|Any CPU
		{D4C4EC43-BFE3-418E-9BC1-CA57A7AFEC04}.Release|Any CPU.ActiveCfg = Release|Any CPU
		{D4C4EC43-BFE3-418E-9BC1-CA57A7AFEC04}.Release|Any CPU.Build.0 = Release|Any CPU
		{52B57F7F-C17E-4D41-ACB4-8F85B29A1075}.Debug|Any CPU.ActiveCfg = Debug|Any CPU
		{52B57F7F-C17E-4D41-ACB4-8F85B29A1075}.Debug|Any CPU.Build.0 = Debug|Any CPU
		{52B57F7F-C17E-4D41-ACB4-8F85B29A1075}.Release|Any CPU.ActiveCfg = Release|Any CPU
		{52B57F7F-C17E-4D41-ACB4-8F85B29A1075}.Release|Any CPU.Build.0 = Release|Any CPU
		{708E5BE2-EAA0-4E18-850F-A87502FFC420}.Debug|Any CPU.ActiveCfg = Debug|Any CPU
		{708E5BE2-EAA0-4E18-850F-A87502FFC420}.Debug|Any CPU.Build.0 = Debug|Any CPU
		{708E5BE2-EAA0-4E18-850F-A87502FFC420}.Release|Any CPU.ActiveCfg = Release|Any CPU
		{708E5BE2-EAA0-4E18-850F-A87502FFC420}.Release|Any CPU.Build.0 = Release|Any CPU
		{7C7DD57D-936E-4374-BB30-5A848543088D}.Debug|Any CPU.ActiveCfg = Debug|Any CPU
		{7C7DD57D-936E-4374-BB30-5A848543088D}.Debug|Any CPU.Build.0 = Debug|Any CPU
		{7C7DD57D-936E-4374-BB30-5A848543088D}.Release|Any CPU.ActiveCfg = Release|Any CPU
		{7C7DD57D-936E-4374-BB30-5A848543088D}.Release|Any CPU.Build.0 = Release|Any CPU
		{F0766858-44F3-447E-8531-C61319BEB6F9}.Debug|Any CPU.ActiveCfg = Debug|Any CPU
		{F0766858-44F3-447E-8531-C61319BEB6F9}.Debug|Any CPU.Build.0 = Debug|Any CPU
		{F0766858-44F3-447E-8531-C61319BEB6F9}.Release|Any CPU.ActiveCfg = Release|Any CPU
		{F0766858-44F3-447E-8531-C61319BEB6F9}.Release|Any CPU.Build.0 = Release|Any CPU
		{A9B73F0B-C9C6-4A00-B896-BC3505C7737C}.Debug|Any CPU.ActiveCfg = Debug|Any CPU
		{A9B73F0B-C9C6-4A00-B896-BC3505C7737C}.Debug|Any CPU.Build.0 = Debug|Any CPU
		{A9B73F0B-C9C6-4A00-B896-BC3505C7737C}.Release|Any CPU.ActiveCfg = Release|Any CPU
		{A9B73F0B-C9C6-4A00-B896-BC3505C7737C}.Release|Any CPU.Build.0 = Release|Any CPU
		{D748745B-2EC5-419F-82F7-85E07AAE706B}.Debug|Any CPU.ActiveCfg = Debug|Any CPU
		{D748745B-2EC5-419F-82F7-85E07AAE706B}.Debug|Any CPU.Build.0 = Debug|Any CPU
		{D748745B-2EC5-419F-82F7-85E07AAE706B}.Release|Any CPU.ActiveCfg = Release|Any CPU
		{D748745B-2EC5-419F-82F7-85E07AAE706B}.Release|Any CPU.Build.0 = Release|Any CPU
	EndGlobalSection
	GlobalSection(SolutionProperties) = preSolution
		HideSolutionNode = FALSE
	EndGlobalSection
	GlobalSection(NestedProjects) = preSolution
		{C5598837-2A85-4B4D-B0F1-072AE1D3233B} = {E31E3483-68D8-4AAB-9F47-E800C749FBA6}
		{C8D422E7-9C53-4AFD-926D-C8C7667BBA5A} = {E31E3483-68D8-4AAB-9F47-E800C749FBA6}
		{92C89987-FCD0-457D-8865-8C3896E08B3A} = {E31E3483-68D8-4AAB-9F47-E800C749FBA6}
		{9B661AC6-6333-4F9E-B464-8DC97EFEC1E8} = {A0157580-E521-4273-90F4-91FE68028A52}
		{4DB1C4C9-E3CB-4985-AF1B-5F21719FFFA7} = {A0157580-E521-4273-90F4-91FE68028A52}
		{8EAECB8B-665F-4839-9BDB-DAB7B3525A24} = {A0157580-E521-4273-90F4-91FE68028A52}
		{E3CC5B55-2FAF-408E-8F6E-7AD63FD95CBA} = {4717D525-202D-4286-8CF3-411EE63B96EA}
		{9A279A48-C660-49EC-A5D3-BAC70F55791F} = {4717D525-202D-4286-8CF3-411EE63B96EA}
		{2030307E-DDD9-45F5-93CC-CB1DBFEEE9DA} = {4717D525-202D-4286-8CF3-411EE63B96EA}
		{ABCA5151-647D-4CB8-89BD-FAF01A05E4E7} = {7EBA7C23-6276-46D7-AFC0-C6A271D4B1AD}
		{D2F1168B-9F9E-41F6-924C-BC604FD3F7D4} = {7EBA7C23-6276-46D7-AFC0-C6A271D4B1AD}
		{D4C4EC43-BFE3-418E-9BC1-CA57A7AFEC04} = {7EBA7C23-6276-46D7-AFC0-C6A271D4B1AD}
		{52B57F7F-C17E-4D41-ACB4-8F85B29A1075} = {73E720CD-5D26-4687-85C0-73988EF0881A}
		{708E5BE2-EAA0-4E18-850F-A87502FFC420} = {73E720CD-5D26-4687-85C0-73988EF0881A}
		{7C7DD57D-936E-4374-BB30-5A848543088D} = {73E720CD-5D26-4687-85C0-73988EF0881A}
		{F0766858-44F3-447E-8531-C61319BEB6F9} = {6A0789DA-5692-4130-9589-8DE9A945E114}
		{A9B73F0B-C9C6-4A00-B896-BC3505C7737C} = {6A0789DA-5692-4130-9589-8DE9A945E114}
		{D748745B-2EC5-419F-82F7-85E07AAE706B} = {6A0789DA-5692-4130-9589-8DE9A945E114}
	EndGlobalSection
	GlobalSection(ExtensibilityGlobals) = postSolution
		SolutionGuid = {03B4B11D-7F0B-4344-BB57-A3016190E208}
	EndGlobalSection
EndGlobal
